
Microsoft Visual Studio Solution File, Format Version 12.00
# Visual Studio Version 17
VisualStudioVersion = 17.3.32811.315
MinimumVisualStudioVersion = 10.0.40219.1
Project("{FAE04EC0-301F-11D3-BF4B-00C04F79EFBC}") = "SLN.YURI", "SLN.YURI\SLN.YURI.csproj", "{0F8AFD64-5941-4175-A29D-4D2430F63F4D}"
EndProject
Global
	GlobalSection(SolutionConfigurationPlatforms) = preSolution
		Debug|Any CPU = Debug|Any CPU
		Release|Any CPU = Release|Any CPU
	EndGlobalSection
	GlobalSection(ProjectConfigurationPlatforms) = postSolution
		{0F8AFD64-5941-4175-A29D-4D2430F63F4D}.Debug|Any CPU.ActiveCfg = Debug|Any CPU
		{0F8AFD64-5941-4175-A29D-4D2430F63F4D}.Debug|Any CPU.Build.0 = Debug|Any CPU
		{0F8AFD64-5941-4175-A29D-4D2430F63F4D}.Release|Any CPU.ActiveCfg = Release|Any CPU
		{0F8AFD64-5941-4175-A29D-4D2430F63F4D}.Release|Any CPU.Build.0 = Release|Any CPU
	EndGlobalSection
	GlobalSection(SolutionProperties) = preSolution
		HideSolutionNode = FALSE
	EndGlobalSection
	GlobalSection(ExtensibilityGlobals) = postSolution
		SolutionGuid = {32CD7B64-3DF6-433F-978B-C68D2806D82A}
	EndGlobalSection
EndGlobal
