
Microsoft Visual Studio Solution File, Format Version 12.00
# Visual Studio Version 17
VisualStudioVersion = 17.3.32811.315
MinimumVisualStudioVersion = 10.0.40219.1
Project("{2150E333-8FDC-42A3-9474-1A3956D46DE8}") = "1. DOMINIO", "1. DOMINIO", "{83D7D7D7-66E3-4AF6-90E5-C80DF04D90E8}"
EndProject
Project("{9A19103F-16F7-4668-BE54-9A1E7A4F7556}") = "YURI.DOMINIO", "YURI.DOMINIO\YURI.DOMINIO.csproj", "{1C3460B3-A9E2-4F51-9ECA-9E3C9B1608F6}"
EndProject
Project("{2150E333-8FDC-42A3-9474-1A3956D46DE8}") = "2. APLICACION", "2. APLICACION", "{70B36486-D31C-48A6-80F8-0224A25762AC}"
EndProject
Project("{9A19103F-16F7-4668-BE54-9A1E7A4F7556}") = "YURI.APLICACION", "YURI.APLICACION\YURI.APLICACION.csproj", "{F96A8C08-B72F-404B-AAD2-C2CDE92C362D}"
EndProject
Project("{2150E333-8FDC-42A3-9474-1A3956D46DE8}") = "3. INFRAESTRUCTURA", "3. INFRAESTRUCTURA", "{9081D1E6-0C32-4FBB-8A41-8CB93B0BFED8}"
EndProject
Project("{2150E333-8FDC-42A3-9474-1A3956D46DE8}") = "5. TRANSVERSAL", "5. TRANSVERSAL", "{73729D38-F0CE-4E38-B30B-1525287CB9B7}"
EndProject
Project("{2150E333-8FDC-42A3-9474-1A3956D46DE8}") = "3.1 REPOSITORIOS", "3.1 REPOSITORIOS", "{03BA69E1-2A94-4E80-AB87-29EE514A99EF}"
EndProject
Project("{9A19103F-16F7-4668-BE54-9A1E7A4F7556}") = "YURI.INFRA.REPOSITORIO.SQLSERVER", "YURI.INFRA.REPOSITORIO.SQLSERVER\YURI.INFRA.REPOSITORIO.SQLSERVER.csproj", "{5D9DA4F7-D5DE-4168-83BC-D5436C6D066C}"
EndProject
Project("{9A19103F-16F7-4668-BE54-9A1E7A4F7556}") = "YURI.TRANSVERSAL.COMMON", "YURI.TRANSVERSAL.COMMON\YURI.TRANSVERSAL.COMMON.csproj", "{F89140BC-37D4-4D82-8708-E831533A144B}"
EndProject
Project("{2150E333-8FDC-42A3-9474-1A3956D46DE8}") = "4. CQRS", "4. CQRS", "{1AB18024-C11F-4029-8D5F-3EF5B96E04FD}"
EndProject
Project("{2150E333-8FDC-42A3-9474-1A3956D46DE8}") = "4.1 QUERY", "4.1 QUERY", "{0F092E9D-CA11-4726-A7D2-C5051BEFF91B}"
EndProject
Project("{2150E333-8FDC-42A3-9474-1A3956D46DE8}") = "4.2 QUERY SERVICE", "4.2 QUERY SERVICE", "{4F589FE5-6A35-420A-B88E-49150F688121}"
EndProject
Project("{9A19103F-16F7-4668-BE54-9A1E7A4F7556}") = "YURI.CQRS.QUERY", "YURI.CQRS.QUERY\YURI.CQRS.QUERY.csproj", "{08D6D081-C591-4734-8CB0-CC45A33148E4}"
EndProject
Project("{9A19103F-16F7-4668-BE54-9A1E7A4F7556}") = "YURI.CQRS.QUERY.SQLSERVER", "YURI.CQRS.QUERY.SQLSERVER\YURI.CQRS.QUERY.SQLSERVER.csproj", "{B86600BD-62F0-473D-A8A2-A23C4175A90A}"
EndProject
Project("{2150E333-8FDC-42A3-9474-1A3956D46DE8}") = "3.4 CONTROLADORES", "3.4 CONTROLADORES", "{3B5BDEA2-0D7F-41C5-A869-5A1F82531B58}"
EndProject
Project("{9A19103F-16F7-4668-BE54-9A1E7A4F7556}") = "YURI.GATEWAY.API", "YURI.GATEWAY.API\YURI.GATEWAY.API.csproj", "{3641B432-01AB-4EA9-A092-C9CF3119DD85}"
EndProject
Project("{9A19103F-16F7-4668-BE54-9A1E7A4F7556}") = "YURI.APLICACION.DTOs", "YURI.APLICACION.DTOs\YURI.APLICACION.DTOs.csproj", "{C6089E1B-5DB7-4193-9EE1-CF4133578F37}"
EndProject
Project("{2150E333-8FDC-42A3-9474-1A3956D46DE8}") = "3.2 IoC", "3.2 IoC", "{8CCD112A-4124-4ED0-BF62-D755DF79DF1C}"
EndProject
Project("{9A19103F-16F7-4668-BE54-9A1E7A4F7556}") = "YURI.IoC", "YURI.IoC\YURI.IoC.csproj", "{77B246CC-436D-4EC2-8898-588C26F48A8E}"
EndProject
Project("{2150E333-8FDC-42A3-9474-1A3956D46DE8}") = "3.3 PRESENTADORES", "3.3 PRESENTADORES", "{49882894-FFE1-4F9E-9645-A03111607A42}"
EndProject
Project("{FAE04EC0-301F-11D3-BF4B-00C04F79EFBC}") = "YURI.PRESENTADORES", "YURI.PRESENTADORES\YURI.PRESENTADORES.csproj", "{D512E53E-E3E7-4696-A4B2-01E2147C714B}"
EndProject
Project("{FAE04EC0-301F-11D3-BF4B-00C04F79EFBC}") = "YURI.WEBEXCEPTIONS.PRESENTADOR", "YURI.WEBEXCEPTIONS.PRESENTADOR\YURI.WEBEXCEPTIONS.PRESENTADOR.csproj", "{E1B5461C-6198-41D3-AA29-6FFBE3037C07}"
EndProject
Global
	GlobalSection(SolutionConfigurationPlatforms) = preSolution
		Debug|Any CPU = Debug|Any CPU
		Release|Any CPU = Release|Any CPU
	EndGlobalSection
	GlobalSection(ProjectConfigurationPlatforms) = postSolution
		{1C3460B3-A9E2-4F51-9ECA-9E3C9B1608F6}.Debug|Any CPU.ActiveCfg = Debug|Any CPU
		{1C3460B3-A9E2-4F51-9ECA-9E3C9B1608F6}.Debug|Any CPU.Build.0 = Debug|Any CPU
		{1C3460B3-A9E2-4F51-9ECA-9E3C9B1608F6}.Release|Any CPU.ActiveCfg = Release|Any CPU
		{1C3460B3-A9E2-4F51-9ECA-9E3C9B1608F6}.Release|Any CPU.Build.0 = Release|Any CPU
		{F96A8C08-B72F-404B-AAD2-C2CDE92C362D}.Debug|Any CPU.ActiveCfg = Debug|Any CPU
		{F96A8C08-B72F-404B-AAD2-C2CDE92C362D}.Debug|Any CPU.Build.0 = Debug|Any CPU
		{F96A8C08-B72F-404B-AAD2-C2CDE92C362D}.Release|Any CPU.ActiveCfg = Release|Any CPU
		{F96A8C08-B72F-404B-AAD2-C2CDE92C362D}.Release|Any CPU.Build.0 = Release|Any CPU
		{5D9DA4F7-D5DE-4168-83BC-D5436C6D066C}.Debug|Any CPU.ActiveCfg = Debug|Any CPU
		{5D9DA4F7-D5DE-4168-83BC-D5436C6D066C}.Debug|Any CPU.Build.0 = Debug|Any CPU
		{5D9DA4F7-D5DE-4168-83BC-D5436C6D066C}.Release|Any CPU.ActiveCfg = Release|Any CPU
		{5D9DA4F7-D5DE-4168-83BC-D5436C6D066C}.Release|Any CPU.Build.0 = Release|Any CPU
		{F89140BC-37D4-4D82-8708-E831533A144B}.Debug|Any CPU.ActiveCfg = Debug|Any CPU
		{F89140BC-37D4-4D82-8708-E831533A144B}.Debug|Any CPU.Build.0 = Debug|Any CPU
		{F89140BC-37D4-4D82-8708-E831533A144B}.Release|Any CPU.ActiveCfg = Release|Any CPU
		{F89140BC-37D4-4D82-8708-E831533A144B}.Release|Any CPU.Build.0 = Release|Any CPU
		{08D6D081-C591-4734-8CB0-CC45A33148E4}.Debug|Any CPU.ActiveCfg = Debug|Any CPU
		{08D6D081-C591-4734-8CB0-CC45A33148E4}.Debug|Any CPU.Build.0 = Debug|Any CPU
		{08D6D081-C591-4734-8CB0-CC45A33148E4}.Release|Any CPU.ActiveCfg = Release|Any CPU
		{08D6D081-C591-4734-8CB0-CC45A33148E4}.Release|Any CPU.Build.0 = Release|Any CPU
		{B86600BD-62F0-473D-A8A2-A23C4175A90A}.Debug|Any CPU.ActiveCfg = Debug|Any CPU
		{B86600BD-62F0-473D-A8A2-A23C4175A90A}.Debug|Any CPU.Build.0 = Debug|Any CPU
		{B86600BD-62F0-473D-A8A2-A23C4175A90A}.Release|Any CPU.ActiveCfg = Release|Any CPU
		{B86600BD-62F0-473D-A8A2-A23C4175A90A}.Release|Any CPU.Build.0 = Release|Any CPU
		{3641B432-01AB-4EA9-A092-C9CF3119DD85}.Debug|Any CPU.ActiveCfg = Debug|Any CPU
		{3641B432-01AB-4EA9-A092-C9CF3119DD85}.Debug|Any CPU.Build.0 = Debug|Any CPU
		{3641B432-01AB-4EA9-A092-C9CF3119DD85}.Release|Any CPU.ActiveCfg = Release|Any CPU
		{3641B432-01AB-4EA9-A092-C9CF3119DD85}.Release|Any CPU.Build.0 = Release|Any CPU
		{C6089E1B-5DB7-4193-9EE1-CF4133578F37}.Debug|Any CPU.ActiveCfg = Debug|Any CPU
		{C6089E1B-5DB7-4193-9EE1-CF4133578F37}.Debug|Any CPU.Build.0 = Debug|Any CPU
		{C6089E1B-5DB7-4193-9EE1-CF4133578F37}.Release|Any CPU.ActiveCfg = Release|Any CPU
		{C6089E1B-5DB7-4193-9EE1-CF4133578F37}.Release|Any CPU.Build.0 = Release|Any CPU
		{77B246CC-436D-4EC2-8898-588C26F48A8E}.Debug|Any CPU.ActiveCfg = Debug|Any CPU
		{77B246CC-436D-4EC2-8898-588C26F48A8E}.Debug|Any CPU.Build.0 = Debug|Any CPU
		{77B246CC-436D-4EC2-8898-588C26F48A8E}.Release|Any CPU.ActiveCfg = Release|Any CPU
		{77B246CC-436D-4EC2-8898-588C26F48A8E}.Release|Any CPU.Build.0 = Release|Any CPU
		{D512E53E-E3E7-4696-A4B2-01E2147C714B}.Debug|Any CPU.ActiveCfg = Debug|Any CPU
		{D512E53E-E3E7-4696-A4B2-01E2147C714B}.Debug|Any CPU.Build.0 = Debug|Any CPU
		{D512E53E-E3E7-4696-A4B2-01E2147C714B}.Release|Any CPU.ActiveCfg = Release|Any CPU
		{D512E53E-E3E7-4696-A4B2-01E2147C714B}.Release|Any CPU.Build.0 = Release|Any CPU
		{E1B5461C-6198-41D3-AA29-6FFBE3037C07}.Debug|Any CPU.ActiveCfg = Debug|Any CPU
		{E1B5461C-6198-41D3-AA29-6FFBE3037C07}.Debug|Any CPU.Build.0 = Debug|Any CPU
		{E1B5461C-6198-41D3-AA29-6FFBE3037C07}.Release|Any CPU.ActiveCfg = Release|Any CPU
		{E1B5461C-6198-41D3-AA29-6FFBE3037C07}.Release|Any CPU.Build.0 = Release|Any CPU
	EndGlobalSection
	GlobalSection(SolutionProperties) = preSolution
		HideSolutionNode = FALSE
	EndGlobalSection
	GlobalSection(NestedProjects) = preSolution
		{1C3460B3-A9E2-4F51-9ECA-9E3C9B1608F6} = {83D7D7D7-66E3-4AF6-90E5-C80DF04D90E8}
		{F96A8C08-B72F-404B-AAD2-C2CDE92C362D} = {70B36486-D31C-48A6-80F8-0224A25762AC}
		{03BA69E1-2A94-4E80-AB87-29EE514A99EF} = {9081D1E6-0C32-4FBB-8A41-8CB93B0BFED8}
		{5D9DA4F7-D5DE-4168-83BC-D5436C6D066C} = {03BA69E1-2A94-4E80-AB87-29EE514A99EF}
		{F89140BC-37D4-4D82-8708-E831533A144B} = {73729D38-F0CE-4E38-B30B-1525287CB9B7}
		{0F092E9D-CA11-4726-A7D2-C5051BEFF91B} = {1AB18024-C11F-4029-8D5F-3EF5B96E04FD}
		{4F589FE5-6A35-420A-B88E-49150F688121} = {1AB18024-C11F-4029-8D5F-3EF5B96E04FD}
		{08D6D081-C591-4734-8CB0-CC45A33148E4} = {0F092E9D-CA11-4726-A7D2-C5051BEFF91B}
		{B86600BD-62F0-473D-A8A2-A23C4175A90A} = {4F589FE5-6A35-420A-B88E-49150F688121}
		{3B5BDEA2-0D7F-41C5-A869-5A1F82531B58} = {9081D1E6-0C32-4FBB-8A41-8CB93B0BFED8}
		{3641B432-01AB-4EA9-A092-C9CF3119DD85} = {3B5BDEA2-0D7F-41C5-A869-5A1F82531B58}
		{C6089E1B-5DB7-4193-9EE1-CF4133578F37} = {70B36486-D31C-48A6-80F8-0224A25762AC}
		{8CCD112A-4124-4ED0-BF62-D755DF79DF1C} = {9081D1E6-0C32-4FBB-8A41-8CB93B0BFED8}
		{77B246CC-436D-4EC2-8898-588C26F48A8E} = {8CCD112A-4124-4ED0-BF62-D755DF79DF1C}
		{49882894-FFE1-4F9E-9645-A03111607A42} = {9081D1E6-0C32-4FBB-8A41-8CB93B0BFED8}
		{D512E53E-E3E7-4696-A4B2-01E2147C714B} = {49882894-FFE1-4F9E-9645-A03111607A42}
		{E1B5461C-6198-41D3-AA29-6FFBE3037C07} = {49882894-FFE1-4F9E-9645-A03111607A42}
	EndGlobalSection
	GlobalSection(ExtensibilityGlobals) = postSolution
		SolutionGuid = {32CD7B64-3DF6-433F-978B-C68D2806D82A}
	EndGlobalSection
EndGlobal
